
Microsoft Visual Studio Solution File, Format Version 12.00
# Visual Studio 15
VisualStudioVersion = 15.0.27428.2037
MinimumVisualStudioVersion = 10.0.40219.1
Project("{FAE04EC0-301F-11D3-BF4B-00C04F79EFBC}") = "ChartHubNETCore", "ChartHubNETCore\ChartHubNETCore.csproj", "{B31AE514-1AF0-4547-8C8F-BDA57939E4A9}"
EndProject
Global
	GlobalSection(SolutionConfigurationPlatforms) = preSolution
		Debug|Any CPU = Debug|Any CPU
		Release|Any CPU = Release|Any CPU
	EndGlobalSection
	GlobalSection(ProjectConfigurationPlatforms) = postSolution
		{B31AE514-1AF0-4547-8C8F-BDA57939E4A9}.Debug|Any CPU.ActiveCfg = Debug|Any CPU
		{B31AE514-1AF0-4547-8C8F-BDA57939E4A9}.Debug|Any CPU.Build.0 = Debug|Any CPU
		{B31AE514-1AF0-4547-8C8F-BDA57939E4A9}.Release|Any CPU.ActiveCfg = Release|Any CPU
		{B31AE514-1AF0-4547-8C8F-BDA57939E4A9}.Release|Any CPU.Build.0 = Release|Any CPU
	EndGlobalSection
	GlobalSection(SolutionProperties) = preSolution
		HideSolutionNode = FALSE
	EndGlobalSection
	GlobalSection(ExtensibilityGlobals) = postSolution
		SolutionGuid = {68E81EC7-D73F-4FDC-98A5-E4BE8CBEDF4E}
	EndGlobalSection
EndGlobal
